
Microsoft Visual Studio Solution File, Format Version 12.00
# Visual Studio Version 17
VisualStudioVersion = 17.4.33205.214
MinimumVisualStudioVersion = 10.0.40219.1
Project("{FAE04EC0-301F-11D3-BF4B-00C04F79EFBC}") = "Task7_1_4", "Task7_1_4\Task7_1_4.csproj", "{FF25874B-C59D-4C7A-AE52-487872602D47}"
EndProject
Project("{FAE04EC0-301F-11D3-BF4B-00C04F79EFBC}") = "Task7_1_5", "Task7_1_5\Task7_1_5.csproj", "{16AA4AEF-BA33-47E7-BE4F-E20AF516CAF9}"
EndProject
Project("{FAE04EC0-301F-11D3-BF4B-00C04F79EFBC}") = "Task7_1_6", "Task7_1_6\Task7_1_6.csproj", "{5338825E-96B5-40C4-881F-6AA6DF49D5AF}"
EndProject
Project("{FAE04EC0-301F-11D3-BF4B-00C04F79EFBC}") = "Task7_1_7", "Task7_1_7\Task7_1_7.csproj", "{08299FE2-E904-4F78-89B3-C3475DE335CC}"
EndProject
Project("{FAE04EC0-301F-11D3-BF4B-00C04F79EFBC}") = "Task7_1_10", "Task7_1_10\Task7_1_10.csproj", "{C3557EE6-D229-438F-BA10-68BEC9FA3655}"
EndProject
Project("{FAE04EC0-301F-11D3-BF4B-00C04F79EFBC}") = "Task7_2_3", "Task7_2_3\Task7_2_3.csproj", "{60AFB04F-E4A0-4F69-939E-9A22605E26D8}"
EndProject
Project("{FAE04EC0-301F-11D3-BF4B-00C04F79EFBC}") = "Task7_2_4", "Task7_2_4\Task7_2_4.csproj", "{1189614F-1F29-4CA7-BFF9-2EB13B6FEBC9}"
EndProject
Project("{FAE04EC0-301F-11D3-BF4B-00C04F79EFBC}") = "Task7_2_5", "Task7_2_5\Task7_2_5.csproj", "{1F4C3C06-0C57-43DD-9613-9C1CBBC74AEF}"
EndProject
Project("{FAE04EC0-301F-11D3-BF4B-00C04F79EFBC}") = "Task7_2_7", "Task7_2_7\Task7_2_7.csproj", "{7BAF5D4B-AC39-4810-9D47-7935FE9BF006}"
EndProject
Project("{FAE04EC0-301F-11D3-BF4B-00C04F79EFBC}") = "Task7_2_8", "Task7_2_8\Task7_2_8.csproj", "{64C69E6C-5301-4D4A-9913-16A2A82A8771}"
EndProject
Project("{FAE04EC0-301F-11D3-BF4B-00C04F79EFBC}") = "Task7_2_12", "Task7_2_12\Task7_2_12.csproj", "{71550B94-3332-416E-84E4-11A0F6404342}"
EndProject
Project("{FAE04EC0-301F-11D3-BF4B-00C04F79EFBC}") = "Task7_2_14", "Task7_2_14\Task7_2_14.csproj", "{ECEAECAD-1819-47E6-982C-63D2E80A072E}"
EndProject
Project("{FAE04EC0-301F-11D3-BF4B-00C04F79EFBC}") = "Task7_3_3", "Task7_3_3\Task7_3_3.csproj", "{BF6B9B77-89CB-4540-9CD2-EE81E16D3042}"
EndProject
Project("{FAE04EC0-301F-11D3-BF4B-00C04F79EFBC}") = "Task7_5_2", "Task7_5_2\Task7_5_2.csproj", "{FB4CBB6B-3E11-4220-98A8-2A76E9BF5789}"
EndProject
Project("{FAE04EC0-301F-11D3-BF4B-00C04F79EFBC}") = "Task7_5_3", "Task7_5_3\Task7_5_3.csproj", "{9409CB5A-7B81-42B4-B578-3B5CF6047CC0}"
EndProject
Project("{FAE04EC0-301F-11D3-BF4B-00C04F79EFBC}") = "Task7_5_5", "Task7_5_5\Task7_5_5.csproj", "{C4B2EA96-AA17-4878-86EF-3FBEAA433CD8}"
EndProject
Project("{FAE04EC0-301F-11D3-BF4B-00C04F79EFBC}") = "Task7_5_9", "Task7_5_9\Task7_5_9.csproj", "{57D71319-E1C2-478C-99C4-41B7323E9BBC}"
EndProject
Project("{FAE04EC0-301F-11D3-BF4B-00C04F79EFBC}") = "Task7_6_2", "Task7_6_2\Task7_6_2.csproj", "{62F37254-5854-440F-87CD-5169D95C9790}"
EndProject
Project("{FAE04EC0-301F-11D3-BF4B-00C04F79EFBC}") = "Task7_6_6", "Task7_6_6\Task7_6_6.csproj", "{56585A66-2A50-4BAE-9DE3-C69763F101D5}"
EndProject
Project("{FAE04EC0-301F-11D3-BF4B-00C04F79EFBC}") = "Task7_6_7", "Task7_6_7\Task7_6_7.csproj", "{094C1773-3CFA-407E-87ED-EA03C2E50CC4}"
EndProject
Project("{FAE04EC0-301F-11D3-BF4B-00C04F79EFBC}") = "Task7_6_9", "Task7_6_9\Task7_6_9.csproj", "{42EE6C9B-238A-4B44-900C-3F522E5CF193}"
EndProject
Project("{FAE04EC0-301F-11D3-BF4B-00C04F79EFBC}") = "Task7_6_10", "Task7_6_10\Task7_6_10.csproj", "{41052B49-C487-49B2-B08A-593FD4D90759}"
EndProject
Project("{FAE04EC0-301F-11D3-BF4B-00C04F79EFBC}") = "Task7_6_12", "Task7_6_12\Task7_6_12.csproj", "{27EAFEAB-D3DE-4B9E-8EC4-18DCB4C28D8B}"
EndProject
Project("{FAE04EC0-301F-11D3-BF4B-00C04F79EFBC}") = "Final_Task", "Final_Task\Final_Task.csproj", "{9260B6DB-F4ED-46DF-8C5E-CFCE3796D0AA}"
EndProject
Global
	GlobalSection(SolutionConfigurationPlatforms) = preSolution
		Debug|Any CPU = Debug|Any CPU
		Release|Any CPU = Release|Any CPU
	EndGlobalSection
	GlobalSection(ProjectConfigurationPlatforms) = postSolution
		{FF25874B-C59D-4C7A-AE52-487872602D47}.Debug|Any CPU.ActiveCfg = Debug|Any CPU
		{FF25874B-C59D-4C7A-AE52-487872602D47}.Debug|Any CPU.Build.0 = Debug|Any CPU
		{FF25874B-C59D-4C7A-AE52-487872602D47}.Release|Any CPU.ActiveCfg = Release|Any CPU
		{FF25874B-C59D-4C7A-AE52-487872602D47}.Release|Any CPU.Build.0 = Release|Any CPU
		{16AA4AEF-BA33-47E7-BE4F-E20AF516CAF9}.Debug|Any CPU.ActiveCfg = Debug|Any CPU
		{16AA4AEF-BA33-47E7-BE4F-E20AF516CAF9}.Debug|Any CPU.Build.0 = Debug|Any CPU
		{16AA4AEF-BA33-47E7-BE4F-E20AF516CAF9}.Release|Any CPU.ActiveCfg = Release|Any CPU
		{16AA4AEF-BA33-47E7-BE4F-E20AF516CAF9}.Release|Any CPU.Build.0 = Release|Any CPU
		{5338825E-96B5-40C4-881F-6AA6DF49D5AF}.Debug|Any CPU.ActiveCfg = Debug|Any CPU
		{5338825E-96B5-40C4-881F-6AA6DF49D5AF}.Debug|Any CPU.Build.0 = Debug|Any CPU
		{5338825E-96B5-40C4-881F-6AA6DF49D5AF}.Release|Any CPU.ActiveCfg = Release|Any CPU
		{5338825E-96B5-40C4-881F-6AA6DF49D5AF}.Release|Any CPU.Build.0 = Release|Any CPU
		{08299FE2-E904-4F78-89B3-C3475DE335CC}.Debug|Any CPU.ActiveCfg = Debug|Any CPU
		{08299FE2-E904-4F78-89B3-C3475DE335CC}.Debug|Any CPU.Build.0 = Debug|Any CPU
		{08299FE2-E904-4F78-89B3-C3475DE335CC}.Release|Any CPU.ActiveCfg = Release|Any CPU
		{08299FE2-E904-4F78-89B3-C3475DE335CC}.Release|Any CPU.Build.0 = Release|Any CPU
		{C3557EE6-D229-438F-BA10-68BEC9FA3655}.Debug|Any CPU.ActiveCfg = Debug|Any CPU
		{C3557EE6-D229-438F-BA10-68BEC9FA3655}.Debug|Any CPU.Build.0 = Debug|Any CPU
		{C3557EE6-D229-438F-BA10-68BEC9FA3655}.Release|Any CPU.ActiveCfg = Release|Any CPU
		{C3557EE6-D229-438F-BA10-68BEC9FA3655}.Release|Any CPU.Build.0 = Release|Any CPU
		{60AFB04F-E4A0-4F69-939E-9A22605E26D8}.Debug|Any CPU.ActiveCfg = Debug|Any CPU
		{60AFB04F-E4A0-4F69-939E-9A22605E26D8}.Debug|Any CPU.Build.0 = Debug|Any CPU
		{60AFB04F-E4A0-4F69-939E-9A22605E26D8}.Release|Any CPU.ActiveCfg = Release|Any CPU
		{60AFB04F-E4A0-4F69-939E-9A22605E26D8}.Release|Any CPU.Build.0 = Release|Any CPU
		{1189614F-1F29-4CA7-BFF9-2EB13B6FEBC9}.Debug|Any CPU.ActiveCfg = Debug|Any CPU
		{1189614F-1F29-4CA7-BFF9-2EB13B6FEBC9}.Debug|Any CPU.Build.0 = Debug|Any CPU
		{1189614F-1F29-4CA7-BFF9-2EB13B6FEBC9}.Release|Any CPU.ActiveCfg = Release|Any CPU
		{1189614F-1F29-4CA7-BFF9-2EB13B6FEBC9}.Release|Any CPU.Build.0 = Release|Any CPU
		{1F4C3C06-0C57-43DD-9613-9C1CBBC74AEF}.Debug|Any CPU.ActiveCfg = Debug|Any CPU
		{1F4C3C06-0C57-43DD-9613-9C1CBBC74AEF}.Debug|Any CPU.Build.0 = Debug|Any CPU
		{1F4C3C06-0C57-43DD-9613-9C1CBBC74AEF}.Release|Any CPU.ActiveCfg = Release|Any CPU
		{1F4C3C06-0C57-43DD-9613-9C1CBBC74AEF}.Release|Any CPU.Build.0 = Release|Any CPU
		{7BAF5D4B-AC39-4810-9D47-7935FE9BF006}.Debug|Any CPU.ActiveCfg = Debug|Any CPU
		{7BAF5D4B-AC39-4810-9D47-7935FE9BF006}.Debug|Any CPU.Build.0 = Debug|Any CPU
		{7BAF5D4B-AC39-4810-9D47-7935FE9BF006}.Release|Any CPU.ActiveCfg = Release|Any CPU
		{7BAF5D4B-AC39-4810-9D47-7935FE9BF006}.Release|Any CPU.Build.0 = Release|Any CPU
		{64C69E6C-5301-4D4A-9913-16A2A82A8771}.Debug|Any CPU.ActiveCfg = Debug|Any CPU
		{64C69E6C-5301-4D4A-9913-16A2A82A8771}.Debug|Any CPU.Build.0 = Debug|Any CPU
		{64C69E6C-5301-4D4A-9913-16A2A82A8771}.Release|Any CPU.ActiveCfg = Release|Any CPU
		{64C69E6C-5301-4D4A-9913-16A2A82A8771}.Release|Any CPU.Build.0 = Release|Any CPU
		{71550B94-3332-416E-84E4-11A0F6404342}.Debug|Any CPU.ActiveCfg = Debug|Any CPU
		{71550B94-3332-416E-84E4-11A0F6404342}.Debug|Any CPU.Build.0 = Debug|Any CPU
		{71550B94-3332-416E-84E4-11A0F6404342}.Release|Any CPU.ActiveCfg = Release|Any CPU
		{71550B94-3332-416E-84E4-11A0F6404342}.Release|Any CPU.Build.0 = Release|Any CPU
		{ECEAECAD-1819-47E6-982C-63D2E80A072E}.Debug|Any CPU.ActiveCfg = Debug|Any CPU
		{ECEAECAD-1819-47E6-982C-63D2E80A072E}.Debug|Any CPU.Build.0 = Debug|Any CPU
		{ECEAECAD-1819-47E6-982C-63D2E80A072E}.Release|Any CPU.ActiveCfg = Release|Any CPU
		{ECEAECAD-1819-47E6-982C-63D2E80A072E}.Release|Any CPU.Build.0 = Release|Any CPU
		{BF6B9B77-89CB-4540-9CD2-EE81E16D3042}.Debug|Any CPU.ActiveCfg = Debug|Any CPU
		{BF6B9B77-89CB-4540-9CD2-EE81E16D3042}.Debug|Any CPU.Build.0 = Debug|Any CPU
		{BF6B9B77-89CB-4540-9CD2-EE81E16D3042}.Release|Any CPU.ActiveCfg = Release|Any CPU
		{BF6B9B77-89CB-4540-9CD2-EE81E16D3042}.Release|Any CPU.Build.0 = Release|Any CPU
		{FB4CBB6B-3E11-4220-98A8-2A76E9BF5789}.Debug|Any CPU.ActiveCfg = Debug|Any CPU
		{FB4CBB6B-3E11-4220-98A8-2A76E9BF5789}.Debug|Any CPU.Build.0 = Debug|Any CPU
		{FB4CBB6B-3E11-4220-98A8-2A76E9BF5789}.Release|Any CPU.ActiveCfg = Release|Any CPU
		{FB4CBB6B-3E11-4220-98A8-2A76E9BF5789}.Release|Any CPU.Build.0 = Release|Any CPU
		{9409CB5A-7B81-42B4-B578-3B5CF6047CC0}.Debug|Any CPU.ActiveCfg = Debug|Any CPU
		{9409CB5A-7B81-42B4-B578-3B5CF6047CC0}.Debug|Any CPU.Build.0 = Debug|Any CPU
		{9409CB5A-7B81-42B4-B578-3B5CF6047CC0}.Release|Any CPU.ActiveCfg = Release|Any CPU
		{9409CB5A-7B81-42B4-B578-3B5CF6047CC0}.Release|Any CPU.Build.0 = Release|Any CPU
		{C4B2EA96-AA17-4878-86EF-3FBEAA433CD8}.Debug|Any CPU.ActiveCfg = Debug|Any CPU
		{C4B2EA96-AA17-4878-86EF-3FBEAA433CD8}.Debug|Any CPU.Build.0 = Debug|Any CPU
		{C4B2EA96-AA17-4878-86EF-3FBEAA433CD8}.Release|Any CPU.ActiveCfg = Release|Any CPU
		{C4B2EA96-AA17-4878-86EF-3FBEAA433CD8}.Release|Any CPU.Build.0 = Release|Any CPU
		{57D71319-E1C2-478C-99C4-41B7323E9BBC}.Debug|Any CPU.ActiveCfg = Debug|Any CPU
		{57D71319-E1C2-478C-99C4-41B7323E9BBC}.Debug|Any CPU.Build.0 = Debug|Any CPU
		{57D71319-E1C2-478C-99C4-41B7323E9BBC}.Release|Any CPU.ActiveCfg = Release|Any CPU
		{57D71319-E1C2-478C-99C4-41B7323E9BBC}.Release|Any CPU.Build.0 = Release|Any CPU
		{62F37254-5854-440F-87CD-5169D95C9790}.Debug|Any CPU.ActiveCfg = Debug|Any CPU
		{62F37254-5854-440F-87CD-5169D95C9790}.Debug|Any CPU.Build.0 = Debug|Any CPU
		{62F37254-5854-440F-87CD-5169D95C9790}.Release|Any CPU.ActiveCfg = Release|Any CPU
		{62F37254-5854-440F-87CD-5169D95C9790}.Release|Any CPU.Build.0 = Release|Any CPU
		{56585A66-2A50-4BAE-9DE3-C69763F101D5}.Debug|Any CPU.ActiveCfg = Debug|Any CPU
		{56585A66-2A50-4BAE-9DE3-C69763F101D5}.Debug|Any CPU.Build.0 = Debug|Any CPU
		{56585A66-2A50-4BAE-9DE3-C69763F101D5}.Release|Any CPU.ActiveCfg = Release|Any CPU
		{56585A66-2A50-4BAE-9DE3-C69763F101D5}.Release|Any CPU.Build.0 = Release|Any CPU
		{094C1773-3CFA-407E-87ED-EA03C2E50CC4}.Debug|Any CPU.ActiveCfg = Debug|Any CPU
		{094C1773-3CFA-407E-87ED-EA03C2E50CC4}.Debug|Any CPU.Build.0 = Debug|Any CPU
		{094C1773-3CFA-407E-87ED-EA03C2E50CC4}.Release|Any CPU.ActiveCfg = Release|Any CPU
		{094C1773-3CFA-407E-87ED-EA03C2E50CC4}.Release|Any CPU.Build.0 = Release|Any CPU
		{42EE6C9B-238A-4B44-900C-3F522E5CF193}.Debug|Any CPU.ActiveCfg = Debug|Any CPU
		{42EE6C9B-238A-4B44-900C-3F522E5CF193}.Debug|Any CPU.Build.0 = Debug|Any CPU
		{42EE6C9B-238A-4B44-900C-3F522E5CF193}.Release|Any CPU.ActiveCfg = Release|Any CPU
		{42EE6C9B-238A-4B44-900C-3F522E5CF193}.Release|Any CPU.Build.0 = Release|Any CPU
		{41052B49-C487-49B2-B08A-593FD4D90759}.Debug|Any CPU.ActiveCfg = Debug|Any CPU
		{41052B49-C487-49B2-B08A-593FD4D90759}.Debug|Any CPU.Build.0 = Debug|Any CPU
		{41052B49-C487-49B2-B08A-593FD4D90759}.Release|Any CPU.ActiveCfg = Release|Any CPU
		{41052B49-C487-49B2-B08A-593FD4D90759}.Release|Any CPU.Build.0 = Release|Any CPU
		{27EAFEAB-D3DE-4B9E-8EC4-18DCB4C28D8B}.Debug|Any CPU.ActiveCfg = Debug|Any CPU
		{27EAFEAB-D3DE-4B9E-8EC4-18DCB4C28D8B}.Debug|Any CPU.Build.0 = Debug|Any CPU
		{27EAFEAB-D3DE-4B9E-8EC4-18DCB4C28D8B}.Release|Any CPU.ActiveCfg = Release|Any CPU
		{27EAFEAB-D3DE-4B9E-8EC4-18DCB4C28D8B}.Release|Any CPU.Build.0 = Release|Any CPU
		{9260B6DB-F4ED-46DF-8C5E-CFCE3796D0AA}.Debug|Any CPU.ActiveCfg = Debug|Any CPU
		{9260B6DB-F4ED-46DF-8C5E-CFCE3796D0AA}.Debug|Any CPU.Build.0 = Debug|Any CPU
		{9260B6DB-F4ED-46DF-8C5E-CFCE3796D0AA}.Release|Any CPU.ActiveCfg = Release|Any CPU
		{9260B6DB-F4ED-46DF-8C5E-CFCE3796D0AA}.Release|Any CPU.Build.0 = Release|Any CPU
	EndGlobalSection
	GlobalSection(SolutionProperties) = preSolution
		HideSolutionNode = FALSE
	EndGlobalSection
	GlobalSection(ExtensibilityGlobals) = postSolution
		SolutionGuid = {14B77534-14F3-4B84-BC8E-0C090EEA04E4}
	EndGlobalSection
EndGlobal
